lockfileVersion: 5.3

specifiers:
  '@ethersproject/abi': ^5.7.0
  '@types/node': ^18.7.21
  axios: ^0.27.2
  ethers: ^5.7.1
  jsbi: ^4.3.0
  tiny-invariant: ^1.2.0
  ts-node: ^10.9.1
  tslib: ^2.4.0
  typescript: ^4.8.3

dependencies:
  '@ethersproject/abi': registry.npmjs.org/@ethersproject/abi/5.7.0
  ethers: registry.npmjs.org/ethers/5.7.1
  tiny-invariant: registry.npmjs.org/tiny-invariant/1.2.0

devDependencies:
  '@types/node': registry.npmjs.org/@types/node/18.7.21
  axios: registry.npmjs.org/axios/0.27.2
  jsbi: registry.npmjs.org/jsbi/4.3.0
  ts-node: registry.npmjs.org/ts-node/10.9.1_513c848f7da8397090188b4f4e66c033
  tslib: registry.npmjs.org/tslib/2.4.0
  typescript: registry.npmjs.org/typescript/4.8.3

packages:

  registry.npmjs.org/@cspotcode/source-map-support/0.8.1:
    resolution: {integrity: sha512-IchNf6dN4tHoMFIn/7OE8LWZ19Y6q/67Bmf6vnGREv8RSbBVb9LPJxEcnwrcwX6ixSvaiGoomAUvu4YSxXrVgw==, registry: https://registry.yarnpkg.com/, tarball: https://registry.npmjs.org/@cspotcode/source-map-support/-/source-map-support-0.8.1.tgz}
    name: '@cspotcode/source-map-support'
    version: 0.8.1
    engines: {node: '>=12'}
    dependencies:
      '@jridgewell/trace-mapping': registry.npmjs.org/@jridgewell/trace-mapping/0.3.9
    dev: true

  registry.npmjs.org/@ethersproject/abi/5.7.0:
    resolution: {integrity: sha512-351ktp42TiRcYB3H1OP8yajPeAQstMW/yCFokj/AthP9bLHzQFPlOrxOcwYEDkUAICmOHljvN4K39OMTMUa9RA==, registry: https://registry.yarnpkg.com/, tarball: https://registry.npmjs.org/@ethersproject/abi/-/abi-5.7.0.tgz}
    name: '@ethersproject/abi'
    version: 5.7.0
    dependencies:
      '@ethersproject/address': registry.npmjs.org/@ethersproject/address/5.7.0
      '@ethersproject/bignumber': registry.npmjs.org/@ethersproject/bignumber/5.7.0
      '@ethersproject/bytes': registry.npmjs.org/@ethersproject/bytes/5.7.0
      '@ethersproject/constants': registry.npmjs.org/@ethersproject/constants/5.7.0
      '@ethersproject/hash': registry.npmjs.org/@ethersproject/hash/5.7.0
      '@ethersproject/keccak256': registry.npmjs.org/@ethersproject/keccak256/5.7.0
      '@ethersproject/logger': registry.npmjs.org/@ethersproject/logger/5.7.0
      '@ethersproject/properties': registry.npmjs.org/@ethersproject/properties/5.7.0
      '@ethersproject/strings': registry.npmjs.org/@ethersproject/strings/5.7.0
    dev: false

  registry.npmjs.org/@ethersproject/abstract-provider/5.7.0:
    resolution: {integrity: sha512-R41c9UkchKCpAqStMYUpdunjo3pkEvZC3FAwZn5S5MGbXoMQOHIdHItezTETxAO5bevtMApSyEhn9+CHcDsWBw==, registry: https://registry.yarnpkg.com/, tarball: https://registry.npmjs.org/@ethersproject/abstract-provider/-/abstract-provider-5.7.0.tgz}
    name: '@ethersproject/abstract-provider'
    version: 5.7.0
    dependencies:
      '@ethersproject/bignumber': registry.npmjs.org/@ethersproject/bignumber/5.7.0
      '@ethersproject/bytes': registry.npmjs.org/@ethersproject/bytes/5.7.0
      '@ethersproject/logger': registry.npmjs.org/@ethersproject/logger/5.7.0
      '@ethersproject/networks': registry.npmjs.org/@ethersproject/networks/5.7.1
      '@ethersproject/properties': registry.npmjs.org/@ethersproject/properties/5.7.0
      '@ethersproject/transactions': registry.npmjs.org/@ethersproject/transactions/5.7.0
      '@ethersproject/web': registry.npmjs.org/@ethersproject/web/5.7.1
    dev: false

  registry.npmjs.org/@ethersproject/abstract-signer/5.7.0:
    resolution: {integrity: sha512-a16V8bq1/Cz+TGCkE2OPMTOUDLS3grCpdjoJCYNnVBbdYEMSgKrU0+B90s8b6H+ByYTBZN7a3g76jdIJi7UfKQ==, registry: https://registry.yarnpkg.com/, tarball: https://registry.npmjs.org/@ethersproject/abstract-signer/-/abstract-signer-5.7.0.tgz}
    name: '@ethersproject/abstract-signer'
    version: 5.7.0
    dependencies:
      '@ethersproject/abstract-provider': registry.npmjs.org/@ethersproject/abstract-provider/5.7.0
      '@ethersproject/bignumber': registry.npmjs.org/@ethersproject/bignumber/5.7.0
      '@ethersproject/bytes': registry.npmjs.org/@ethersproject/bytes/5.7.0
      '@ethersproject/logger': registry.npmjs.org/@ethersproject/logger/5.7.0
      '@ethersproject/properties': registry.npmjs.org/@ethersproject/properties/5.7.0
    dev: false

  registry.npmjs.org/@ethersproject/address/5.7.0:
    resolution: {integrity: sha512-9wYhYt7aghVGo758POM5nqcOMaE168Q6aRLJZwUmiqSrAungkG74gSSeKEIR7ukixesdRZGPgVqme6vmxs1fkA==, registry: https://registry.yarnpkg.com/, tarball: https://registry.npmjs.org/@ethersproject/address/-/address-5.7.0.tgz}
    name: '@ethersproject/address'
    version: 5.7.0
    dependencies:
      '@ethersproject/bignumber': registry.npmjs.org/@ethersproject/bignumber/5.7.0
      '@ethersproject/bytes': registry.npmjs.org/@ethersproject/bytes/5.7.0
      '@ethersproject/keccak256': registry.npmjs.org/@ethersproject/keccak256/5.7.0
      '@ethersproject/logger': registry.npmjs.org/@ethersproject/logger/5.7.0
      '@ethersproject/rlp': registry.npmjs.org/@ethersproject/rlp/5.7.0
    dev: false

  registry.npmjs.org/@ethersproject/base64/5.7.0:
    resolution: {integrity: sha512-Dr8tcHt2mEbsZr/mwTPIQAf3Ai0Bks/7gTw9dSqk1mQvhW3XvRlmDJr/4n+wg1JmCl16NZue17CDh8xb/vZ0sQ==, registry: https://registry.yarnpkg.com/, tarball: https://registry.npmjs.org/@ethersproject/base64/-/base64-5.7.0.tgz}
    name: '@ethersproject/base64'
    version: 5.7.0
    dependencies:
      '@ethersproject/bytes': registry.npmjs.org/@ethersproject/bytes/5.7.0
    dev: false

  registry.npmjs.org/@ethersproject/basex/5.7.0:
    resolution: {integrity: sha512-ywlh43GwZLv2Voc2gQVTKBoVQ1mti3d8HK5aMxsfu/nRDnMmNqaSJ3r3n85HBByT8OpoY96SXM1FogC533T4zw==, registry: https://registry.yarnpkg.com/, tarball: https://registry.npmjs.org/@ethersproject/basex/-/basex-5.7.0.tgz}
    name: '@ethersproject/basex'
    version: 5.7.0
    dependencies:
      '@ethersproject/bytes': registry.npmjs.org/@ethersproject/bytes/5.7.0
      '@ethersproject/properties': registry.npmjs.org/@ethersproject/properties/5.7.0
    dev: false

  registry.npmjs.org/@ethersproject/bignumber/5.7.0:
    resolution: {integrity: sha512-n1CAdIHRWjSucQO3MC1zPSVgV/6dy/fjL9pMrPP9peL+QxEg9wOsVqwD4+818B6LUEtaXzVHQiuivzRoxPxUGw==, registry: https://registry.yarnpkg.com/, tarball: https://registry.npmjs.org/@ethersproject/bignumber/-/bignumber-5.7.0.tgz}
    name: '@ethersproject/bignumber'
    version: 5.7.0
    dependencies:
      '@ethersproject/bytes': registry.npmjs.org/@ethersproject/bytes/5.7.0
      '@ethersproject/logger': registry.npmjs.org/@ethersproject/logger/5.7.0
      bn.js: registry.npmjs.org/bn.js/5.2.1
    dev: false

  registry.npmjs.org/@ethersproject/bytes/5.7.0:
    resolution: {integrity: sha512-nsbxwgFXWh9NyYWo+U8atvmMsSdKJprTcICAkvbBffT75qDocbuggBU0SJiVK2MuTrp0q+xvLkTnGMPK1+uA9A==, registry: https://registry.yarnpkg.com/, tarball: https://registry.npmjs.org/@ethersproject/bytes/-/bytes-5.7.0.tgz}
    name: '@ethersproject/bytes'
    version: 5.7.0
    dependencies:
      '@ethersproject/logger': registry.npmjs.org/@ethersproject/logger/5.7.0
    dev: false

  registry.npmjs.org/@ethersproject/constants/5.7.0:
    resolution: {integrity: sha512-DHI+y5dBNvkpYUMiRQyxRBYBefZkJfo70VUkUAsRjcPs47muV9evftfZ0PJVCXYbAiCgght0DtcF9srFQmIgWA==, registry: https://registry.yarnpkg.com/, tarball: https://registry.npmjs.org/@ethersproject/constants/-/constants-5.7.0.tgz}
    name: '@ethersproject/constants'
    version: 5.7.0
    dependencies:
      '@ethersproject/bignumber': registry.npmjs.org/@ethersproject/bignumber/5.7.0
    dev: false

  registry.npmjs.org/@ethersproject/contracts/5.7.0:
    resolution: {integrity: sha512-5GJbzEU3X+d33CdfPhcyS+z8MzsTrBGk/sc+G+59+tPa9yFkl6HQ9D6L0QMgNTA9q8dT0XKxxkyp883XsQvbbg==, registry: https://registry.yarnpkg.com/, tarball: https://registry.npmjs.org/@ethersproject/contracts/-/contracts-5.7.0.tgz}
    name: '@ethersproject/contracts'
    version: 5.7.0
    dependencies:
      '@ethersproject/abi': registry.npmjs.org/@ethersproject/abi/5.7.0
      '@ethersproject/abstract-provider': registry.npmjs.org/@ethersproject/abstract-provider/5.7.0
      '@ethersproject/abstract-signer': registry.npmjs.org/@ethersproject/abstract-signer/5.7.0
      '@ethersproject/address': registry.npmjs.org/@ethersproject/address/5.7.0
      '@ethersproject/bignumber': registry.npmjs.org/@ethersproject/bignumber/5.7.0
      '@ethersproject/bytes': registry.npmjs.org/@ethersproject/bytes/5.7.0
      '@ethersproject/constants': registry.npmjs.org/@ethersproject/constants/5.7.0
      '@ethersproject/logger': registry.npmjs.org/@ethersproject/logger/5.7.0
      '@ethersproject/properties': registry.npmjs.org/@ethersproject/properties/5.7.0
      '@ethersproject/transactions': registry.npmjs.org/@ethersproject/transactions/5.7.0
    dev: false

  registry.npmjs.org/@ethersproject/hash/5.7.0:
    resolution: {integrity: sha512-qX5WrQfnah1EFnO5zJv1v46a8HW0+E5xuBBDTwMFZLuVTx0tbU2kkx15NqdjxecrLGatQN9FGQKpb1FKdHCt+g==, registry: https://registry.yarnpkg.com/, tarball: https://registry.npmjs.org/@ethersproject/hash/-/hash-5.7.0.tgz}
    name: '@ethersproject/hash'
    version: 5.7.0
    dependencies:
      '@ethersproject/abstract-signer': registry.npmjs.org/@ethersproject/abstract-signer/5.7.0
      '@ethersproject/address': registry.npmjs.org/@ethersproject/address/5.7.0
      '@ethersproject/base64': registry.npmjs.org/@ethersproject/base64/5.7.0
      '@ethersproject/bignumber': registry.npmjs.org/@ethersproject/bignumber/5.7.0
      '@ethersproject/bytes': registry.npmjs.org/@ethersproject/bytes/5.7.0
      '@ethersproject/keccak256': registry.npmjs.org/@ethersproject/keccak256/5.7.0
      '@ethersproject/logger': registry.npmjs.org/@ethersproject/logger/5.7.0
      '@ethersproject/properties': registry.npmjs.org/@ethersproject/properties/5.7.0
      '@ethersproject/strings': registry.npmjs.org/@ethersproject/strings/5.7.0
    dev: false

  registry.npmjs.org/@ethersproject/hdnode/5.7.0:
    resolution: {integrity: sha512-OmyYo9EENBPPf4ERhR7oj6uAtUAhYGqOnIS+jE5pTXvdKBS99ikzq1E7Iv0ZQZ5V36Lqx1qZLeak0Ra16qpeOg==, registry: https://registry.yarnpkg.com/, tarball: https://registry.npmjs.org/@ethersproject/hdnode/-/hdnode-5.7.0.tgz}
    name: '@ethersproject/hdnode'
    version: 5.7.0
    dependencies:
      '@ethersproject/abstract-signer': registry.npmjs.org/@ethersproject/abstract-signer/5.7.0
      '@ethersproject/basex': registry.npmjs.org/@ethersproject/basex/5.7.0
      '@ethersproject/bignumber': registry.npmjs.org/@ethersproject/bignumber/5.7.0
      '@ethersproject/bytes': registry.npmjs.org/@ethersproject/bytes/5.7.0
      '@ethersproject/logger': registry.npmjs.org/@ethersproject/logger/5.7.0
      '@ethersproject/pbkdf2': registry.npmjs.org/@ethersproject/pbkdf2/5.7.0
      '@ethersproject/properties': registry.npmjs.org/@ethersproject/properties/5.7.0
      '@ethersproject/sha2': registry.npmjs.org/@ethersproject/sha2/5.7.0
      '@ethersproject/signing-key': registry.npmjs.org/@ethersproject/signing-key/5.7.0
      '@ethersproject/strings': registry.npmjs.org/@ethersproject/strings/5.7.0
      '@ethersproject/transactions': registry.npmjs.org/@ethersproject/transactions/5.7.0
      '@ethersproject/wordlists': registry.npmjs.org/@ethersproject/wordlists/5.7.0
    dev: false

  registry.npmjs.org/@ethersproject/json-wallets/5.7.0:
    resolution: {integrity: sha512-8oee5Xgu6+RKgJTkvEMl2wDgSPSAQ9MB/3JYjFV9jlKvcYHUXZC+cQp0njgmxdHkYWn8s6/IqIZYm0YWCjO/0g==, registry: https://registry.yarnpkg.com/, tarball: https://registry.npmjs.org/@ethersproject/json-wallets/-/json-wallets-5.7.0.tgz}
    name: '@ethersproject/json-wallets'
    version: 5.7.0
    dependencies:
      '@ethersproject/abstract-signer': registry.npmjs.org/@ethersproject/abstract-signer/5.7.0
      '@ethersproject/address': registry.npmjs.org/@ethersproject/address/5.7.0
      '@ethersproject/bytes': registry.npmjs.org/@ethersproject/bytes/5.7.0
      '@ethersproject/hdnode': registry.npmjs.org/@ethersproject/hdnode/5.7.0
      '@ethersproject/keccak256': registry.npmjs.org/@ethersproject/keccak256/5.7.0
      '@ethersproject/logger': registry.npmjs.org/@ethersproject/logger/5.7.0
      '@ethersproject/pbkdf2': registry.npmjs.org/@ethersproject/pbkdf2/5.7.0
      '@ethersproject/properties': registry.npmjs.org/@ethersproject/properties/5.7.0
      '@ethersproject/random': registry.npmjs.org/@ethersproject/random/5.7.0
      '@ethersproject/strings': registry.npmjs.org/@ethersproject/strings/5.7.0
      '@ethersproject/transactions': registry.npmjs.org/@ethersproject/transactions/5.7.0
      aes-js: registry.npmjs.org/aes-js/3.0.0
      scrypt-js: registry.npmjs.org/scrypt-js/3.0.1
    dev: false

  registry.npmjs.org/@ethersproject/keccak256/5.7.0:
    resolution: {integrity: sha512-2UcPboeL/iW+pSg6vZ6ydF8tCnv3Iu/8tUmLLzWWGzxWKFFqOBQFLo6uLUv6BDrLgCDfN28RJ/wtByx+jZ4KBg==, registry: https://registry.yarnpkg.com/, tarball: https://registry.npmjs.org/@ethersproject/keccak256/-/keccak256-5.7.0.tgz}
    name: '@ethersproject/keccak256'
    version: 5.7.0
    dependencies:
      '@ethersproject/bytes': registry.npmjs.org/@ethersproject/bytes/5.7.0
      js-sha3: registry.npmjs.org/js-sha3/0.8.0
    dev: false

  registry.npmjs.org/@ethersproject/logger/5.7.0:
    resolution: {integrity: sha512-0odtFdXu/XHtjQXJYA3u9G0G8btm0ND5Cu8M7i5vhEcE8/HmF4Lbdqanwyv4uQTr2tx6b7fQRmgLrsnpQlmnig==, registry: https://registry.yarnpkg.com/, tarball: https://registry.npmjs.org/@ethersproject/logger/-/logger-5.7.0.tgz}
    name: '@ethersproject/logger'
    version: 5.7.0
    dev: false

  registry.npmjs.org/@ethersproject/networks/5.7.1:
    resolution: {integrity: sha512-n/MufjFYv3yFcUyfhnXotyDlNdFb7onmkSy8aQERi2PjNcnWQ66xXxa3XlS8nCcA8aJKJjIIMNJTC7tu80GwpQ==, registry: https://registry.yarnpkg.com/, tarball: https://registry.npmjs.org/@ethersproject/networks/-/networks-5.7.1.tgz}
    name: '@ethersproject/networks'
    version: 5.7.1
    dependencies:
      '@ethersproject/logger': registry.npmjs.org/@ethersproject/logger/5.7.0
    dev: false

  registry.npmjs.org/@ethersproject/pbkdf2/5.7.0:
    resolution: {integrity: sha512-oR/dBRZR6GTyaofd86DehG72hY6NpAjhabkhxgr3X2FpJtJuodEl2auADWBZfhDHgVCbu3/H/Ocq2uC6dpNjjw==, registry: https://registry.yarnpkg.com/, tarball: https://registry.npmjs.org/@ethersproject/pbkdf2/-/pbkdf2-5.7.0.tgz}
    name: '@ethersproject/pbkdf2'
    version: 5.7.0
    dependencies:
      '@ethersproject/bytes': registry.npmjs.org/@ethersproject/bytes/5.7.0
      '@ethersproject/sha2': registry.npmjs.org/@ethersproject/sha2/5.7.0
    dev: false

  registry.npmjs.org/@ethersproject/properties/5.7.0:
    resolution: {integrity: sha512-J87jy8suntrAkIZtecpxEPxY//szqr1mlBaYlQ0r4RCaiD2hjheqF9s1LVE8vVuJCXisjIP+JgtK/Do54ej4Sw==, registry: https://registry.yarnpkg.com/, tarball: https://registry.npmjs.org/@ethersproject/properties/-/properties-5.7.0.tgz}
    name: '@ethersproject/properties'
    version: 5.7.0
    dependencies:
      '@ethersproject/logger': registry.npmjs.org/@ethersproject/logger/5.7.0
    dev: false

  registry.npmjs.org/@ethersproject/providers/5.7.1:
    resolution: {integrity: sha512-vZveG/DLyo+wk4Ga1yx6jSEHrLPgmTt+dFv0dv8URpVCRf0jVhalps1jq/emN/oXnMRsC7cQgAF32DcXLL7BPQ==, registry: https://registry.yarnpkg.com/, tarball: https://registry.npmjs.org/@ethersproject/providers/-/providers-5.7.1.tgz}
    name: '@ethersproject/providers'
    version: 5.7.1
    dependencies:
      '@ethersproject/abstract-provider': registry.npmjs.org/@ethersproject/abstract-provider/5.7.0
      '@ethersproject/abstract-signer': registry.npmjs.org/@ethersproject/abstract-signer/5.7.0
      '@ethersproject/address': registry.npmjs.org/@ethersproject/address/5.7.0
      '@ethersproject/base64': registry.npmjs.org/@ethersproject/base64/5.7.0
      '@ethersproject/basex': registry.npmjs.org/@ethersproject/basex/5.7.0
      '@ethersproject/bignumber': registry.npmjs.org/@ethersproject/bignumber/5.7.0
      '@ethersproject/bytes': registry.npmjs.org/@ethersproject/bytes/5.7.0
      '@ethersproject/constants': registry.npmjs.org/@ethersproject/constants/5.7.0
      '@ethersproject/hash': registry.npmjs.org/@ethersproject/hash/5.7.0
      '@ethersproject/logger': registry.npmjs.org/@ethersproject/logger/5.7.0
      '@ethersproject/networks': registry.npmjs.org/@ethersproject/networks/5.7.1
      '@ethersproject/properties': registry.npmjs.org/@ethersproject/properties/5.7.0
      '@ethersproject/random': registry.npmjs.org/@ethersproject/random/5.7.0
      '@ethersproject/rlp': registry.npmjs.org/@ethersproject/rlp/5.7.0
      '@ethersproject/sha2': registry.npmjs.org/@ethersproject/sha2/5.7.0
      '@ethersproject/strings': registry.npmjs.org/@ethersproject/strings/5.7.0
      '@ethersproject/transactions': registry.npmjs.org/@ethersproject/transactions/5.7.0
      '@ethersproject/web': registry.npmjs.org/@ethersproject/web/5.7.1
      bech32: registry.npmjs.org/bech32/1.1.4
      ws: registry.npmjs.org/ws/7.4.6
    transitivePeerDependencies:
      - bufferutil
      - utf-8-validate
    dev: false

  registry.npmjs.org/@ethersproject/random/5.7.0:
    resolution: {integrity: sha512-19WjScqRA8IIeWclFme75VMXSBvi4e6InrUNuaR4s5pTF2qNhcGdCUwdxUVGtDDqC00sDLCO93jPQoDUH4HVmQ==, registry: https://registry.yarnpkg.com/, tarball: https://registry.npmjs.org/@ethersproject/random/-/random-5.7.0.tgz}
    name: '@ethersproject/random'
    version: 5.7.0
    dependencies:
      '@ethersproject/bytes': registry.npmjs.org/@ethersproject/bytes/5.7.0
      '@ethersproject/logger': registry.npmjs.org/@ethersproject/logger/5.7.0
    dev: false

  registry.npmjs.org/@ethersproject/rlp/5.7.0:
    resolution: {integrity: sha512-rBxzX2vK8mVF7b0Tol44t5Tb8gomOHkj5guL+HhzQ1yBh/ydjGnpw6at+X6Iw0Kp3OzzzkcKp8N9r0W4kYSs9w==, registry: https://registry.yarnpkg.com/, tarball: https://registry.npmjs.org/@ethersproject/rlp/-/rlp-5.7.0.tgz}
    name: '@ethersproject/rlp'
    version: 5.7.0
    dependencies:
      '@ethersproject/bytes': registry.npmjs.org/@ethersproject/bytes/5.7.0
      '@ethersproject/logger': registry.npmjs.org/@ethersproject/logger/5.7.0
    dev: false

  registry.npmjs.org/@ethersproject/sha2/5.7.0:
    resolution: {integrity: sha512-gKlH42riwb3KYp0reLsFTokByAKoJdgFCwI+CCiX/k+Jm2mbNs6oOaCjYQSlI1+XBVejwH2KrmCbMAT/GnRDQw==, registry: https://registry.yarnpkg.com/, tarball: https://registry.npmjs.org/@ethersproject/sha2/-/sha2-5.7.0.tgz}
    name: '@ethersproject/sha2'
    version: 5.7.0
    dependencies:
      '@ethersproject/bytes': registry.npmjs.org/@ethersproject/bytes/5.7.0
      '@ethersproject/logger': registry.npmjs.org/@ethersproject/logger/5.7.0
      hash.js: registry.npmjs.org/hash.js/1.1.7
    dev: false

  registry.npmjs.org/@ethersproject/signing-key/5.7.0:
    resolution: {integrity: sha512-MZdy2nL3wO0u7gkB4nA/pEf8lu1TlFswPNmy8AiYkfKTdO6eXBJyUdmHO/ehm/htHw9K/qF8ujnTyUAD+Ry54Q==, registry: https://registry.yarnpkg.com/, tarball: https://registry.npmjs.org/@ethersproject/signing-key/-/signing-key-5.7.0.tgz}
    name: '@ethersproject/signing-key'
    version: 5.7.0
    dependencies:
      '@ethersproject/bytes': registry.npmjs.org/@ethersproject/bytes/5.7.0
      '@ethersproject/logger': registry.npmjs.org/@ethersproject/logger/5.7.0
      '@ethersproject/properties': registry.npmjs.org/@ethersproject/properties/5.7.0
      bn.js: registry.npmjs.org/bn.js/5.2.1
      elliptic: registry.npmjs.org/elliptic/6.5.4
      hash.js: registry.npmjs.org/hash.js/1.1.7
    dev: false

  registry.npmjs.org/@ethersproject/solidity/5.7.0:
    resolution: {integrity: sha512-HmabMd2Dt/raavyaGukF4XxizWKhKQ24DoLtdNbBmNKUOPqwjsKQSdV9GQtj9CBEea9DlzETlVER1gYeXXBGaA==, registry: https://registry.yarnpkg.com/, tarball: https://registry.npmjs.org/@ethersproject/solidity/-/solidity-5.7.0.tgz}
    name: '@ethersproject/solidity'
    version: 5.7.0
    dependencies:
      '@ethersproject/bignumber': registry.npmjs.org/@ethersproject/bignumber/5.7.0
      '@ethersproject/bytes': registry.npmjs.org/@ethersproject/bytes/5.7.0
      '@ethersproject/keccak256': registry.npmjs.org/@ethersproject/keccak256/5.7.0
      '@ethersproject/logger': registry.npmjs.org/@ethersproject/logger/5.7.0
      '@ethersproject/sha2': registry.npmjs.org/@ethersproject/sha2/5.7.0
      '@ethersproject/strings': registry.npmjs.org/@ethersproject/strings/5.7.0
    dev: false

  registry.npmjs.org/@ethersproject/strings/5.7.0:
    resolution: {integrity: sha512-/9nu+lj0YswRNSH0NXYqrh8775XNyEdUQAuf3f+SmOrnVewcJ5SBNAjF7lpgehKi4abvNNXyf+HX86czCdJ8Mg==, registry: https://registry.yarnpkg.com/, tarball: https://registry.npmjs.org/@ethersproject/strings/-/strings-5.7.0.tgz}
    name: '@ethersproject/strings'
    version: 5.7.0
    dependencies:
      '@ethersproject/bytes': registry.npmjs.org/@ethersproject/bytes/5.7.0
      '@ethersproject/constants': registry.npmjs.org/@ethersproject/constants/5.7.0
      '@ethersproject/logger': registry.npmjs.org/@ethersproject/logger/5.7.0
    dev: false

  registry.npmjs.org/@ethersproject/transactions/5.7.0:
    resolution: {integrity: sha512-kmcNicCp1lp8qanMTC3RIikGgoJ80ztTyvtsFvCYpSCfkjhD0jZ2LOrnbcuxuToLIUYYf+4XwD1rP+B/erDIhQ==, registry: https://registry.yarnpkg.com/, tarball: https://registry.npmjs.org/@ethersproject/transactions/-/transactions-5.7.0.tgz}
    name: '@ethersproject/transactions'
    version: 5.7.0
    dependencies:
      '@ethersproject/address': registry.npmjs.org/@ethersproject/address/5.7.0
      '@ethersproject/bignumber': registry.npmjs.org/@ethersproject/bignumber/5.7.0
      '@ethersproject/bytes': registry.npmjs.org/@ethersproject/bytes/5.7.0
      '@ethersproject/constants': registry.npmjs.org/@ethersproject/constants/5.7.0
      '@ethersproject/keccak256': registry.npmjs.org/@ethersproject/keccak256/5.7.0
      '@ethersproject/logger': registry.npmjs.org/@ethersproject/logger/5.7.0
      '@ethersproject/properties': registry.npmjs.org/@ethersproject/properties/5.7.0
      '@ethersproject/rlp': registry.npmjs.org/@ethersproject/rlp/5.7.0
      '@ethersproject/signing-key': registry.npmjs.org/@ethersproject/signing-key/5.7.0
    dev: false

  registry.npmjs.org/@ethersproject/units/5.7.0:
    resolution: {integrity: sha512-pD3xLMy3SJu9kG5xDGI7+xhTEmGXlEqXU4OfNapmfnxLVY4EMSSRp7j1k7eezutBPH7RBN/7QPnwR7hzNlEFeg==, registry: https://registry.yarnpkg.com/, tarball: https://registry.npmjs.org/@ethersproject/units/-/units-5.7.0.tgz}
    name: '@ethersproject/units'
    version: 5.7.0
    dependencies:
      '@ethersproject/bignumber': registry.npmjs.org/@ethersproject/bignumber/5.7.0
      '@ethersproject/constants': registry.npmjs.org/@ethersproject/constants/5.7.0
      '@ethersproject/logger': registry.npmjs.org/@ethersproject/logger/5.7.0
    dev: false

  registry.npmjs.org/@ethersproject/wallet/5.7.0:
    resolution: {integrity: sha512-MhmXlJXEJFBFVKrDLB4ZdDzxcBxQ3rLyCkhNqVu3CDYvR97E+8r01UgrI+TI99Le+aYm/in/0vp86guJuM7FCA==, registry: https://registry.yarnpkg.com/, tarball: https://registry.npmjs.org/@ethersproject/wallet/-/wallet-5.7.0.tgz}
    name: '@ethersproject/wallet'
    version: 5.7.0
    dependencies:
      '@ethersproject/abstract-provider': registry.npmjs.org/@ethersproject/abstract-provider/5.7.0
      '@ethersproject/abstract-signer': registry.npmjs.org/@ethersproject/abstract-signer/5.7.0
      '@ethersproject/address': registry.npmjs.org/@ethersproject/address/5.7.0
      '@ethersproject/bignumber': registry.npmjs.org/@ethersproject/bignumber/5.7.0
      '@ethersproject/bytes': registry.npmjs.org/@ethersproject/bytes/5.7.0
      '@ethersproject/hash': registry.npmjs.org/@ethersproject/hash/5.7.0
      '@ethersproject/hdnode': registry.npmjs.org/@ethersproject/hdnode/5.7.0
      '@ethersproject/json-wallets': registry.npmjs.org/@ethersproject/json-wallets/5.7.0
      '@ethersproject/keccak256': registry.npmjs.org/@ethersproject/keccak256/5.7.0
      '@ethersproject/logger': registry.npmjs.org/@ethersproject/logger/5.7.0
      '@ethersproject/properties': registry.npmjs.org/@ethersproject/properties/5.7.0
      '@ethersproject/random': registry.npmjs.org/@ethersproject/random/5.7.0
      '@ethersproject/signing-key': registry.npmjs.org/@ethersproject/signing-key/5.7.0
      '@ethersproject/transactions': registry.npmjs.org/@ethersproject/transactions/5.7.0
      '@ethersproject/wordlists': registry.npmjs.org/@ethersproject/wordlists/5.7.0
    dev: false

  registry.npmjs.org/@ethersproject/web/5.7.1:
    resolution: {integrity: sha512-Gueu8lSvyjBWL4cYsWsjh6MtMwM0+H4HvqFPZfB6dV8ctbP9zFAO73VG1cMWae0FLPCtz0peKPpZY8/ugJJX2w==, registry: https://registry.yarnpkg.com/, tarball: https://registry.npmjs.org/@ethersproject/web/-/web-5.7.1.tgz}
    name: '@ethersproject/web'
    version: 5.7.1
    dependencies:
      '@ethersproject/base64': registry.npmjs.org/@ethersproject/base64/5.7.0
      '@ethersproject/bytes': registry.npmjs.org/@ethersproject/bytes/5.7.0
      '@ethersproject/logger': registry.npmjs.org/@ethersproject/logger/5.7.0
      '@ethersproject/properties': registry.npmjs.org/@ethersproject/properties/5.7.0
      '@ethersproject/strings': registry.npmjs.org/@ethersproject/strings/5.7.0
    dev: false

  registry.npmjs.org/@ethersproject/wordlists/5.7.0:
    resolution: {integrity: sha512-S2TFNJNfHWVHNE6cNDjbVlZ6MgE17MIxMbMg2zv3wn+3XSJGosL1m9ZVv3GXCf/2ymSsQ+hRI5IzoMJTG6aoVA==, registry: https://registry.yarnpkg.com/, tarball: https://registry.npmjs.org/@ethersproject/wordlists/-/wordlists-5.7.0.tgz}
    name: '@ethersproject/wordlists'
    version: 5.7.0
    dependencies:
      '@ethersproject/bytes': registry.npmjs.org/@ethersproject/bytes/5.7.0
      '@ethersproject/hash': registry.npmjs.org/@ethersproject/hash/5.7.0
      '@ethersproject/logger': registry.npmjs.org/@ethersproject/logger/5.7.0
      '@ethersproject/properties': registry.npmjs.org/@ethersproject/properties/5.7.0
      '@ethersproject/strings': registry.npmjs.org/@ethersproject/strings/5.7.0
    dev: false

  registry.npmjs.org/@jridgewell/resolve-uri/3.1.0:
    resolution: {integrity: sha512-F2msla3tad+Mfht5cJq7LSXcdudKTWCVYUgw6pLFOOHSTtZlj6SWNYAp+AhuqLmWdBO2X5hPrLcu8cVP8fy28w==, registry: https://registry.yarnpkg.com/, tarball: https://registry.npmjs.org/@jridgewell/resolve-uri/-/resolve-uri-3.1.0.tgz}
    name: '@jridgewell/resolve-uri'
    version: 3.1.0
    engines: {node: '>=6.0.0'}
    dev: true

  registry.npmjs.org/@jridgewell/sourcemap-codec/1.4.14:
    resolution: {integrity: sha512-XPSJHWmi394fuUuzDnGz1wiKqWfo1yXecHQMRf2l6hztTO+nPru658AyDngaBe7isIxEkRsPR3FZh+s7iVa4Uw==, registry: https://registry.yarnpkg.com/, tarball: https://registry.npmjs.org/@jridgewell/sourcemap-codec/-/sourcemap-codec-1.4.14.tgz}
    name: '@jridgewell/sourcemap-codec'
    version: 1.4.14
    dev: true

  registry.npmjs.org/@jridgewell/trace-mapping/0.3.9:
    resolution: {integrity: sha512-3Belt6tdc8bPgAtbcmdtNJlirVoTmEb5e2gC94PnkwEW9jI6CAHUeoG85tjWP5WquqfavoMtMwiG4P926ZKKuQ==, registry: https://registry.yarnpkg.com/, tarball: https://registry.npmjs.org/@jridgewell/trace-mapping/-/trace-mapping-0.3.9.tgz}
    name: '@jridgewell/trace-mapping'
    version: 0.3.9
    dependencies:
      '@jridgewell/resolve-uri': registry.npmjs.org/@jridgewell/resolve-uri/3.1.0
      '@jridgewell/sourcemap-codec': registry.npmjs.org/@jridgewell/sourcemap-codec/1.4.14
    dev: true

  registry.npmjs.org/@tsconfig/node10/1.0.9:
    resolution: {integrity: sha512-jNsYVVxU8v5g43Erja32laIDHXeoNvFEpX33OK4d6hljo3jDhCBDhx5dhCCTMWUojscpAagGiRkBKxpdl9fxqA==, registry: https://registry.yarnpkg.com/, tarball: https://registry.npmjs.org/@tsconfig/node10/-/node10-1.0.9.tgz}
    name: '@tsconfig/node10'
    version: 1.0.9
    dev: true

  registry.npmjs.org/@tsconfig/node12/1.0.11:
    resolution: {integrity: sha512-cqefuRsh12pWyGsIoBKJA9luFu3mRxCA+ORZvA4ktLSzIuCUtWVxGIuXigEwO5/ywWFMZ2QEGKWvkZG1zDMTag==, registry: https://registry.yarnpkg.com/, tarball: https://registry.npmjs.org/@tsconfig/node12/-/node12-1.0.11.tgz}
    name: '@tsconfig/node12'
    version: 1.0.11
    dev: true

  registry.npmjs.org/@tsconfig/node14/1.0.3:
    resolution: {integrity: sha512-ysT8mhdixWK6Hw3i1V2AeRqZ5WfXg1G43mqoYlM2nc6388Fq5jcXyr5mRsqViLx/GJYdoL0bfXD8nmF+Zn/Iow==, registry: https://registry.yarnpkg.com/, tarball: https://registry.npmjs.org/@tsconfig/node14/-/node14-1.0.3.tgz}
    name: '@tsconfig/node14'
    version: 1.0.3
    dev: true

  registry.npmjs.org/@tsconfig/node16/1.0.3:
    resolution: {integrity: sha512-yOlFc+7UtL/89t2ZhjPvvB/DeAr3r+Dq58IgzsFkOAvVC6NMJXmCGjbptdXdR9qsX7pKcTL+s87FtYREi2dEEQ==, registry: https://registry.yarnpkg.com/, tarball: https://registry.npmjs.org/@tsconfig/node16/-/node16-1.0.3.tgz}
    name: '@tsconfig/node16'
    version: 1.0.3
    dev: true

  registry.npmjs.org/@types/node/18.7.21:
    resolution: {integrity: sha512-rLFzK5bhM0YPyCoTC8bolBjMk7bwnZ8qeZUBslBfjZQou2ssJdWslx9CZ8DGM+Dx7QXQiiTVZ/6QO6kwtHkZCA==, registry: https://registry.yarnpkg.com/, tarball: https://registry.npmjs.org/@types/node/-/node-18.7.21.tgz}
    name: '@types/node'
    version: 18.7.21
    dev: true

  registry.npmjs.org/acorn-walk/8.2.0:
    resolution: {integrity: sha512-k+iyHEuPgSw6SbuDpGQM+06HQUa04DZ3o+F6CSzXMvvI5KMvnaEqXe+YVe555R9nn6GPt404fos4wcgpw12SDA==, registry: https://registry.yarnpkg.com/, tarball: https://registry.npmjs.org/acorn-walk/-/acorn-walk-8.2.0.tgz}
    name: acorn-walk
    version: 8.2.0
    engines: {node: '>=0.4.0'}
    dev: true

  registry.npmjs.org/acorn/8.8.0:
    resolution: {integrity: sha512-QOxyigPVrpZ2GXT+PFyZTl6TtOFc5egxHIP9IlQ+RbupQuX4RkT/Bee4/kQuC02Xkzg84JcT7oLYtDIQxp+v7w==, registry: https://registry.yarnpkg.com/, tarball: https://registry.npmjs.org/acorn/-/acorn-8.8.0.tgz}
    name: acorn
    version: 8.8.0
    engines: {node: '>=0.4.0'}
    hasBin: true
    dev: true

  registry.npmjs.org/aes-js/3.0.0:
    resolution: {integrity: sha512-H7wUZRn8WpTq9jocdxQ2c8x2sKo9ZVmzfRE13GiNJXfp7NcKYEdvl3vspKjXox6RIG2VtaRe4JFvxG4rqp2Zuw==, registry: https://registry.yarnpkg.com/, tarball: https://registry.npmjs.org/aes-js/-/aes-js-3.0.0.tgz}
    name: aes-js
    version: 3.0.0
    dev: false

  registry.npmjs.org/arg/4.1.3:
    resolution: {integrity: sha512-58S9QDqG0Xx27YwPSt9fJxivjYl432YCwfDMfZ+71RAqUrZef7LrKQZ3LHLOwCS4FLNBplP533Zx895SeOCHvA==, registry: https://registry.yarnpkg.com/, tarball: https://registry.npmjs.org/arg/-/arg-4.1.3.tgz}
    name: arg
    version: 4.1.3
    dev: true

  registry.npmjs.org/asynckit/0.4.0:
    resolution: {integrity: sha512-Oei9OH4tRh0YqU3GxhX79dM/mwVgvbZJaSNaRk+bshkj0S5cfHcgYakreBjrHwatXKbz+IoIdYLxrKim2MjW0Q==, registry: https://registry.yarnpkg.com/, tarball: https://registry.npmjs.org/asynckit/-/asynckit-0.4.0.tgz}
    name: asynckit
    version: 0.4.0
    dev: true

  registry.npmjs.org/axios/0.27.2:
    resolution: {integrity: sha512-t+yRIyySRTp/wua5xEr+z1q60QmLq8ABsS5O9Me1AsE5dfKqgnCFzwiCZZ/cGNd1lq4/7akDWMxdhVlucjmnOQ==, registry: https://registry.yarnpkg.com/, tarball: https://registry.npmjs.org/axios/-/axios-0.27.2.tgz}
    name: axios
    version: 0.27.2
    dependencies:
      follow-redirects: registry.npmjs.org/follow-redirects/1.15.2
      form-data: registry.npmjs.org/form-data/4.0.0
    transitivePeerDependencies:
      - debug
    dev: true

  registry.npmjs.org/bech32/1.1.4:
    resolution: {integrity: sha512-s0IrSOzLlbvX7yp4WBfPITzpAU8sqQcpsmwXDiKwrG4r491vwCO/XpejasRNl0piBMe/DvP4Tz0mIS/X1DPJBQ==, registry: https://registry.yarnpkg.com/, tarball: https://registry.npmjs.org/bech32/-/bech32-1.1.4.tgz}
    name: bech32
    version: 1.1.4
    dev: false

  registry.npmjs.org/bn.js/4.12.0:
    resolution: {integrity: sha512-c98Bf3tPniI+scsdk237ku1Dc3ujXQTSgyiPUDEOe7tRkhrqridvh8klBv0HCEso1OLOYcHuCv/cS6DNxKH+ZA==, registry: https://registry.yarnpkg.com/, tarball: https://registry.npmjs.org/bn.js/-/bn.js-4.12.0.tgz}
    name: bn.js
    version: 4.12.0
    dev: false

  registry.npmjs.org/bn.js/5.2.1:
    resolution: {integrity: sha512-eXRvHzWyYPBuB4NBy0cmYQjGitUrtqwbvlzP3G6VFnNRbsZQIxQ10PbKKHt8gZ/HW/D/747aDl+QkDqg3KQLMQ==, registry: https://registry.yarnpkg.com/, tarball: https://registry.npmjs.org/bn.js/-/bn.js-5.2.1.tgz}
    name: bn.js
    version: 5.2.1
    dev: false

  registry.npmjs.org/brorand/1.1.0:
    resolution: {integrity: sha512-cKV8tMCEpQs4hK/ik71d6LrPOnpkpGBR0wzxqr68g2m/LB2GxVYQroAjMJZRVM1Y4BCjCKc3vAamxSzOY2RP+w==, registry: https://registry.yarnpkg.com/, tarball: https://registry.npmjs.org/brorand/-/brorand-1.1.0.tgz}
    name: brorand
    version: 1.1.0
    dev: false

  registry.npmjs.org/combined-stream/1.0.8:
    resolution: {integrity: sha512-FQN4MRfuJeHf7cBbBMJFXhKSDq+2kAArBlmRBvcvFE5BB1HZKXtSFASDhdlz9zOYwxh8lDdnvmMOe/+5cdoEdg==, registry: https://registry.yarnpkg.com/, tarball: https://registry.npmjs.org/combined-stream/-/combined-stream-1.0.8.tgz}
    name: combined-stream
    version: 1.0.8
    engines: {node: '>= 0.8'}
    dependencies:
      delayed-stream: registry.npmjs.org/delayed-stream/1.0.0
    dev: true

  registry.npmjs.org/create-require/1.1.1:
    resolution: {integrity: sha512-dcKFX3jn0MpIaXjisoRvexIJVEKzaq7z2rZKxf+MSr9TkdmHmsU4m2lcLojrj/FHl8mk5VxMmYA+ftRkP/3oKQ==, registry: https://registry.yarnpkg.com/, tarball: https://registry.npmjs.org/create-require/-/create-require-1.1.1.tgz}
    name: create-require
    version: 1.1.1
    dev: true

  registry.npmjs.org/delayed-stream/1.0.0:
    resolution: {integrity: sha512-ZySD7Nf91aLB0RxL4KGrKHBXl7Eds1DAmEdcoVawXnLD7SDhpNgtuII2aAkg7a7QS41jxPSZ17p4VdGnMHk3MQ==, registry: https://registry.yarnpkg.com/, tarball: https://registry.npmjs.org/delayed-stream/-/delayed-stream-1.0.0.tgz}
    name: delayed-stream
    version: 1.0.0
    engines: {node: '>=0.4.0'}
    dev: true

  registry.npmjs.org/diff/4.0.2:
    resolution: {integrity: sha512-58lmxKSA4BNyLz+HHMUzlOEpg09FV+ev6ZMe3vJihgdxzgcwZ8VoEEPmALCZG9LmqfVoNMMKpttIYTVG6uDY7A==, registry: https://registry.yarnpkg.com/, tarball: https://registry.npmjs.org/diff/-/diff-4.0.2.tgz}
    name: diff
    version: 4.0.2
    engines: {node: '>=0.3.1'}
    dev: true

  registry.npmjs.org/elliptic/6.5.4:
    resolution: {integrity: sha512-iLhC6ULemrljPZb+QutR5TQGB+pdW6KGD5RSegS+8sorOZT+rdQFbsQFJgvN3eRqNALqJer4oQ16YvJHlU8hzQ==, registry: https://registry.yarnpkg.com/, tarball: https://registry.npmjs.org/elliptic/-/elliptic-6.5.4.tgz}
    name: elliptic
    version: 6.5.4
    dependencies:
      bn.js: registry.npmjs.org/bn.js/4.12.0
      brorand: registry.npmjs.org/brorand/1.1.0
      hash.js: registry.npmjs.org/hash.js/1.1.7
      hmac-drbg: registry.npmjs.org/hmac-drbg/1.0.1
      inherits: registry.npmjs.org/inherits/2.0.4
      minimalistic-assert: registry.npmjs.org/minimalistic-assert/1.0.1
      minimalistic-crypto-utils: registry.npmjs.org/minimalistic-crypto-utils/1.0.1
    dev: false

  registry.npmjs.org/ethers/5.7.1:
    resolution: {integrity: sha512-5krze4dRLITX7FpU8J4WscXqADiKmyeNlylmmDLbS95DaZpBhDe2YSwRQwKXWNyXcox7a3gBgm/MkGXV1O1S/Q==, registry: https://registry.yarnpkg.com/, tarball: https://registry.npmjs.org/ethers/-/ethers-5.7.1.tgz}
    name: ethers
    version: 5.7.1
    dependencies:
      '@ethersproject/abi': registry.npmjs.org/@ethersproject/abi/5.7.0
      '@ethersproject/abstract-provider': registry.npmjs.org/@ethersproject/abstract-provider/5.7.0
      '@ethersproject/abstract-signer': registry.npmjs.org/@ethersproject/abstract-signer/5.7.0
      '@ethersproject/address': registry.npmjs.org/@ethersproject/address/5.7.0
      '@ethersproject/base64': registry.npmjs.org/@ethersproject/base64/5.7.0
      '@ethersproject/basex': registry.npmjs.org/@ethersproject/basex/5.7.0
      '@ethersproject/bignumber': registry.npmjs.org/@ethersproject/bignumber/5.7.0
      '@ethersproject/bytes': registry.npmjs.org/@ethersproject/bytes/5.7.0
      '@ethersproject/constants': registry.npmjs.org/@ethersproject/constants/5.7.0
      '@ethersproject/contracts': registry.npmjs.org/@ethersproject/contracts/5.7.0
      '@ethersproject/hash': registry.npmjs.org/@ethersproject/hash/5.7.0
      '@ethersproject/hdnode': registry.npmjs.org/@ethersproject/hdnode/5.7.0
      '@ethersproject/json-wallets': registry.npmjs.org/@ethersproject/json-wallets/5.7.0
      '@ethersproject/keccak256': registry.npmjs.org/@ethersproject/keccak256/5.7.0
      '@ethersproject/logger': registry.npmjs.org/@ethersproject/logger/5.7.0
      '@ethersproject/networks': registry.npmjs.org/@ethersproject/networks/5.7.1
      '@ethersproject/pbkdf2': registry.npmjs.org/@ethersproject/pbkdf2/5.7.0
      '@ethersproject/properties': registry.npmjs.org/@ethersproject/properties/5.7.0
      '@ethersproject/providers': registry.npmjs.org/@ethersproject/providers/5.7.1
      '@ethersproject/random': registry.npmjs.org/@ethersproject/random/5.7.0
      '@ethersproject/rlp': registry.npmjs.org/@ethersproject/rlp/5.7.0
      '@ethersproject/sha2': registry.npmjs.org/@ethersproject/sha2/5.7.0
      '@ethersproject/signing-key': registry.npmjs.org/@ethersproject/signing-key/5.7.0
      '@ethersproject/solidity': registry.npmjs.org/@ethersproject/solidity/5.7.0
      '@ethersproject/strings': registry.npmjs.org/@ethersproject/strings/5.7.0
      '@ethersproject/transactions': registry.npmjs.org/@ethersproject/transactions/5.7.0
      '@ethersproject/units': registry.npmjs.org/@ethersproject/units/5.7.0
      '@ethersproject/wallet': registry.npmjs.org/@ethersproject/wallet/5.7.0
      '@ethersproject/web': registry.npmjs.org/@ethersproject/web/5.7.1
      '@ethersproject/wordlists': registry.npmjs.org/@ethersproject/wordlists/5.7.0
    transitivePeerDependencies:
      - bufferutil
      - utf-8-validate
    dev: false

  registry.npmjs.org/follow-redirects/1.15.2:
    resolution: {integrity: sha512-VQLG33o04KaQ8uYi2tVNbdrWp1QWxNNea+nmIB4EVM28v0hmP17z7aG1+wAkNzVq4KeXTq3221ye5qTJP91JwA==, registry: https://registry.yarnpkg.com/, tarball: https://registry.npmjs.org/follow-redirects/-/follow-redirects-1.15.2.tgz}
    name: follow-redirects
    version: 1.15.2
    engines: {node: '>=4.0'}
    peerDependencies:
      debug: '*'
    peerDependenciesMeta:
      debug:
        optional: true
    dev: true

  registry.npmjs.org/form-data/4.0.0:
    resolution: {integrity: sha512-ETEklSGi5t0QMZuiXoA/Q6vcnxcLQP5vdugSpuAyi6SVGi2clPPp+xgEhuMaHC+zGgn31Kd235W35f7Hykkaww==, registry: https://registry.yarnpkg.com/, tarball: https://registry.npmjs.org/form-data/-/form-data-4.0.0.tgz}
    name: form-data
    version: 4.0.0
    engines: {node: '>= 6'}
    dependencies:
      asynckit: registry.npmjs.org/asynckit/0.4.0
      combined-stream: registry.npmjs.org/combined-stream/1.0.8
      mime-types: registry.npmjs.org/mime-types/2.1.35
    dev: true

  registry.npmjs.org/hash.js/1.1.7:
    resolution: {integrity: sha512-taOaskGt4z4SOANNseOviYDvjEJinIkRgmp7LbKP2YTTmVxWBl87s/uzK9r+44BclBSp2X7K1hqeNfz9JbBeXA==, registry: https://registry.yarnpkg.com/, tarball: https://registry.npmjs.org/hash.js/-/hash.js-1.1.7.tgz}
    name: hash.js
    version: 1.1.7
    dependencies:
      inherits: registry.npmjs.org/inherits/2.0.4
      minimalistic-assert: registry.npmjs.org/minimalistic-assert/1.0.1
    dev: false

  registry.npmjs.org/hmac-drbg/1.0.1:
    resolution: {integrity: sha512-Tti3gMqLdZfhOQY1Mzf/AanLiqh1WTiJgEj26ZuYQ9fbkLomzGchCws4FyrSd4VkpBfiNhaE1On+lOz894jvXg==, registry: https://registry.yarnpkg.com/, tarball: https://registry.npmjs.org/hmac-drbg/-/hmac-drbg-1.0.1.tgz}
    name: hmac-drbg
    version: 1.0.1
    dependencies:
      hash.js: registry.npmjs.org/hash.js/1.1.7
      minimalistic-assert: registry.npmjs.org/minimalistic-assert/1.0.1
      minimalistic-crypto-utils: registry.npmjs.org/minimalistic-crypto-utils/1.0.1
    dev: false

  registry.npmjs.org/inherits/2.0.4:
    resolution: {integrity: sha512-k/vGaX4/Yla3WzyMCvTQOXYeIHvqOKtnqBduzTHpzpQZzAskKMhZ2K+EnBiSM9zGSoIFeMpXKxa4dYeZIQqewQ==, registry: https://registry.yarnpkg.com/, tarball: https://registry.npmjs.org/inherits/-/inherits-2.0.4.tgz}
    name: inherits
    version: 2.0.4
    dev: false

  registry.npmjs.org/js-sha3/0.8.0:
    resolution: {integrity: sha512-gF1cRrHhIzNfToc802P800N8PpXS+evLLXfsVpowqmAFR9uwbi89WvXg2QspOmXL8QL86J4T1EpFu+yUkwJY3Q==, registry: https://registry.yarnpkg.com/, tarball: https://registry.npmjs.org/js-sha3/-/js-sha3-0.8.0.tgz}
    name: js-sha3
    version: 0.8.0
    dev: false

  registry.npmjs.org/jsbi/4.3.0:
    resolution: {integrity: sha512-SnZNcinB4RIcnEyZqFPdGPVgrg2AcnykiBy0sHVJQKHYeaLUvi3Exj+iaPpLnFVkDPZIV4U0yvgC9/R4uEAZ9g==, registry: https://registry.yarnpkg.com/, tarball: https://registry.npmjs.org/jsbi/-/jsbi-4.3.0.tgz}
    name: jsbi
    version: 4.3.0
    dev: true

  registry.npmjs.org/make-error/1.3.6:
    resolution: {integrity: sha512-s8UhlNe7vPKomQhC1qFelMokr/Sc3AgNbso3n74mVPA5LTZwkB9NlXf4XPamLxJE8h0gh73rM94xvwRT2CVInw==, registry: https://registry.yarnpkg.com/, tarball: https://registry.npmjs.org/make-error/-/make-error-1.3.6.tgz}
    name: make-error
    version: 1.3.6
    dev: true

  registry.npmjs.org/mime-db/1.52.0:
    resolution: {integrity: sha512-sPU4uV7dYlvtWJxwwxHD0PuihVNiE7TyAbQ5SWxDCB9mUYvOgroQOwYQQOKPJ8CIbE+1ETVlOoK1UC2nU3gYvg==, registry: https://registry.yarnpkg.com/, tarball: https://registry.npmjs.org/mime-db/-/mime-db-1.52.0.tgz}
    name: mime-db
    version: 1.52.0
    engines: {node: '>= 0.6'}
    dev: true

  registry.npmjs.org/mime-types/2.1.35:
    resolution: {integrity: sha512-ZDY+bPm5zTTF+YpCrAU9nK0UgICYPT0QtT1NZWFv4s++TNkcgVaT0g6+4R2uI4MjQjzysHB1zxuWL50hzaeXiw==, registry: https://registry.yarnpkg.com/, tarball: https://registry.npmjs.org/mime-types/-/mime-types-2.1.35.tgz}
    name: mime-types
    version: 2.1.35
    engines: {node: '>= 0.6'}
    dependencies:
      mime-db: registry.npmjs.org/mime-db/1.52.0
    dev: true

  registry.npmjs.org/minimalistic-assert/1.0.1:
    resolution: {integrity: sha512-UtJcAD4yEaGtjPezWuO9wC4nwUnVH/8/Im3yEHQP4b67cXlD/Qr9hdITCU1xDbSEXg2XKNaP8jsReV7vQd00/A==, registry: https://registry.yarnpkg.com/, tarball: https://registry.npmjs.org/minimalistic-assert/-/minimalistic-assert-1.0.1.tgz}
    name: minimalistic-assert
    version: 1.0.1
    dev: false

  registry.npmjs.org/minimalistic-crypto-utils/1.0.1:
    resolution: {integrity: sha512-JIYlbt6g8i5jKfJ3xz7rF0LXmv2TkDxBLUkiBeZ7bAx4GnnNMr8xFpGnOxn6GhTEHx3SjRrZEoU+j04prX1ktg==, registry: https://registry.yarnpkg.com/, tarball: https://registry.npmjs.org/minimalistic-crypto-utils/-/minimalistic-crypto-utils-1.0.1.tgz}
    name: minimalistic-crypto-utils
    version: 1.0.1
    dev: false

  registry.npmjs.org/scrypt-js/3.0.1:
    resolution: {integrity: sha512-cdwTTnqPu0Hyvf5in5asVdZocVDTNRmR7XEcJuIzMjJeSHybHl7vpB66AzwTaIg6CLSbtjcxc8fqcySfnTkccA==, registry: https://registry.yarnpkg.com/, tarball: https://registry.npmjs.org/scrypt-js/-/scrypt-js-3.0.1.tgz}
    name: scrypt-js
    version: 3.0.1
    dev: false

  registry.npmjs.org/tiny-invariant/1.2.0:
    resolution: {integrity: sha512-1Uhn/aqw5C6RI4KejVeTg6mIS7IqxnLJ8Mv2tV5rTc0qWobay7pDUz6Wi392Cnc8ak1H0F2cjoRzb2/AW4+Fvg==, registry: https://registry.yarnpkg.com/, tarball: https://registry.npmjs.org/tiny-invariant/-/tiny-invariant-1.2.0.tgz}
    name: tiny-invariant
    version: 1.2.0
    dev: false

  registry.npmjs.org/ts-node/10.9.1_513c848f7da8397090188b4f4e66c033:
    resolution: {integrity: sha512-NtVysVPkxxrwFGUUxGYhfux8k78pQB3JqYBXlLRZgdGUqTO5wU/UyHop5p70iEbGhB7q5KmiZiU0Y3KlJrScEw==, registry: https://registry.yarnpkg.com/, tarball: https://registry.npmjs.org/ts-node/-/ts-node-10.9.1.tgz}
    id: registry.npmjs.org/ts-node/10.9.1
    name: ts-node
    version: 10.9.1
    hasBin: true
    peerDependencies:
      '@swc/core': '>=1.2.50'
      '@swc/wasm': '>=1.2.50'
      '@types/node': '*'
      typescript: '>=2.7'
    peerDependenciesMeta:
      '@swc/core':
        optional: true
      '@swc/wasm':
        optional: true
    dependencies:
      '@cspotcode/source-map-support': registry.npmjs.org/@cspotcode/source-map-support/0.8.1
      '@tsconfig/node10': registry.npmjs.org/@tsconfig/node10/1.0.9
      '@tsconfig/node12': registry.npmjs.org/@tsconfig/node12/1.0.11
      '@tsconfig/node14': registry.npmjs.org/@tsconfig/node14/1.0.3
      '@tsconfig/node16': registry.npmjs.org/@tsconfig/node16/1.0.3
      '@types/node': registry.npmjs.org/@types/node/18.7.21
      acorn: registry.npmjs.org/acorn/8.8.0
      acorn-walk: registry.npmjs.org/acorn-walk/8.2.0
      arg: registry.npmjs.org/arg/4.1.3
      create-require: registry.npmjs.org/create-require/1.1.1
      diff: registry.npmjs.org/diff/4.0.2
      make-error: registry.npmjs.org/make-error/1.3.6
      typescript: registry.npmjs.org/typescript/4.8.3
      v8-compile-cache-lib: registry.npmjs.org/v8-compile-cache-lib/3.0.1
      yn: registry.npmjs.org/yn/3.1.1
    dev: true

  registry.npmjs.org/tslib/2.4.0:
    resolution: {integrity: sha512-d6xOpEDfsi2CZVlPQzGeux8XMwLT9hssAsaPYExaQMuYskwb+x1x7J371tWlbBdWHroy99KnVB6qIkUbs5X3UQ==, registry: https://registry.yarnpkg.com/, tarball: https://registry.npmjs.org/tslib/-/tslib-2.4.0.tgz}
    name: tslib
    version: 2.4.0
    dev: true

  registry.npmjs.org/typescript/4.8.3:
    resolution: {integrity: sha512-goMHfm00nWPa8UvR/CPSvykqf6dVV8x/dp0c5mFTMTIu0u0FlGWRioyy7Nn0PGAdHxpJZnuO/ut+PpQ8UiHAig==, registry: https://registry.yarnpkg.com/, tarball: https://registry.npmjs.org/typescript/-/typescript-4.8.3.tgz}
    name: typescript
    version: 4.8.3
    engines: {node: '>=4.2.0'}
    hasBin: true
    dev: true

  registry.npmjs.org/v8-compile-cache-lib/3.0.1:
    resolution: {integrity: sha512-wa7YjyUGfNZngI/vtK0UHAN+lgDCxBPCylVXGp0zu59Fz5aiGtNXaq3DhIov063MorB+VfufLh3JlF2KdTK3xg==, registry: https://registry.yarnpkg.com/, tarball: https://registry.npmjs.org/v8-compile-cache-lib/-/v8-compile-cache-lib-3.0.1.tgz}
    name: v8-compile-cache-lib
    version: 3.0.1
    dev: true

  registry.npmjs.org/ws/7.4.6:
    resolution: {integrity: sha512-YmhHDO4MzaDLB+M9ym/mDA5z0naX8j7SIlT8f8z+I0VtzsRbekxEutHSme7NPS2qE8StCYQNUnfWdXta/Yu85A==, registry: https://registry.yarnpkg.com/, tarball: https://registry.npmjs.org/ws/-/ws-7.4.6.tgz}
    name: ws
    version: 7.4.6
    engines: {node: '>=8.3.0'}
    peerDependencies:
      bufferutil: ^4.0.1
      utf-8-validate: ^5.0.2
    peerDependenciesMeta:
      bufferutil:
        optional: true
      utf-8-validate:
        optional: true
    dev: false

  registry.npmjs.org/yn/3.1.1:
    resolution: {integrity: sha512-Ux4ygGWsu2c7isFWe8Yu1YluJmqVhxqK2cLXNQA5AcC3QfbGNpM7fu0Y8b/z16pXLnFxZYvWhd3fhBY9DLmC6Q==, registry: https://registry.yarnpkg.com/, tarball: https://registry.npmjs.org/yn/-/yn-3.1.1.tgz}
    name: yn
    version: 3.1.1
    engines: {node: '>=6'}
    dev: true
